// !$*UTF8*$!
{
	archiveVersion = 1;
	classes = {
	};
	objectVersion = 55;
	objects = {

/* Begin PBXBuildFile section */
		0C05CA37ACA6DFE116C5CC43 /* NSComboBox.md in Resources */ = {isa = PBXBuildFile; fileRef = 91477DCF5D6C805E4FFD6495 /* NSComboBox.md */; };
		160BD2171D292B7F0D9AA327 /* NSPopover.md in Resources */ = {isa = PBXBuildFile; fileRef = D2C71329FC2DF6DB39180A7B /* NSPopover.md */; };
		1742D120F35A208B104DB3C6 /* NSStepper.md in Resources */ = {isa = PBXBuildFile; fileRef = 942B6A72CE236D0FCCC6AF68 /* NSStepper.md */; };
		1ADBD0EEB19F9A555E9AE5E8 /* NSTextView.md in Resources */ = {isa = PBXBuildFile; fileRef = E50263F722766B67FEBA2FCE /* NSTextView.md */; };
		330515A5296C0BC400129D51 /* AppDelegate.swift in Sources */ = {isa = PBXBuildFile; fileRef = 330515A4296C0BC400129D51 /* AppDelegate.swift */; };
		330515A7296C0BC400129D51 /* ViewController.swift in Sources */ = {isa = PBXBuildFile; fileRef = 330515A6296C0BC400129D51 /* ViewController.swift */; };
		330515AA296C0BC400129D51 /* MacStudy.xcdatamodeld in Sources */ = {isa = PBXBuildFile; fileRef = 330515A8296C0BC400129D51 /* MacStudy.xcdatamodeld */; };
		330515AC296C0BC500129D51 /* Assets.xcassets in Resources */ = {isa = PBXBuildFile; fileRef = 330515AB296C0BC500129D51 /* Assets.xcassets */; };
		330515AF296C0BC500129D51 /* Main.storyboard in Resources */ = {isa = PBXBuildFile; fileRef = 330515AD296C0BC500129D51 /* Main.storyboard */; };
		332643B529B0A95E00A15C73 /* MAKAutoLayoutTextView in Frameworks */ = {isa = PBXBuildFile; productRef = 332643B429B0A95E00A15C73 /* MAKAutoLayoutTextView */; };
		332643B729B0A95E00A15C73 /* MAKLayerView in Frameworks */ = {isa = PBXBuildFile; productRef = 332643B629B0A95E00A15C73 /* MAKLayerView */; };
		332643B929B0A95E00A15C73 /* MAKShadowView in Frameworks */ = {isa = PBXBuildFile; productRef = 332643B829B0A95E00A15C73 /* MAKShadowView */; };
		332643C129B1CA8E00A15C73 /* SCPageViewController.swift in Sources */ = {isa = PBXBuildFile; fileRef = 332643C029B1CA8E00A15C73 /* SCPageViewController.swift */; };
		332643C529B1E83600A15C73 /* SCCodeViewController.swift in Sources */ = {isa = PBXBuildFile; fileRef = 332643C229B1DFB400A15C73 /* SCCodeViewController.swift */; };
		332643C829B1EBDE00A15C73 /* MarkdownUI in Frameworks */ = {isa = PBXBuildFile; productRef = 332643C729B1EBDE00A15C73 /* MarkdownUI */; };
		332643D329B1FAFC00A15C73 /* Splash in Frameworks */ = {isa = PBXBuildFile; productRef = 332643D229B1FAFC00A15C73 /* Splash */; };
		332643E229B1FD4B00A15C73 /* SCAutoLayoutTextView.swift in Sources */ = {isa = PBXBuildFile; fileRef = 332643D929B1FD4B00A15C73 /* SCAutoLayoutTextView.swift */; };
		332643E329B1FD4B00A15C73 /* SystemTool.swift in Sources */ = {isa = PBXBuildFile; fileRef = 332643DA29B1FD4B00A15C73 /* SystemTool.swift */; };
		332643E429B1FD4B00A15C73 /* TextOutputFormat.swift in Sources */ = {isa = PBXBuildFile; fileRef = 332643DD29B1FD4B00A15C73 /* TextOutputFormat.swift */; };
		332643E529B1FD4B00A15C73 /* SplashCodeSyntaxHighlighter.swift in Sources */ = {isa = PBXBuildFile; fileRef = 332643DE29B1FD4B00A15C73 /* SplashCodeSyntaxHighlighter.swift */; };
		332643E629B1FD4B00A15C73 /* MarkdownView.swift in Sources */ = {isa = PBXBuildFile; fileRef = 332643DF29B1FD4B00A15C73 /* MarkdownView.swift */; };
		332643E729B1FD4B00A15C73 /* MarkdownBaseView.swift in Sources */ = {isa = PBXBuildFile; fileRef = 332643E029B1FD4B00A15C73 /* MarkdownBaseView.swift */; };
		332643E829B1FD4B00A15C73 /* SCBaseCodeViewController.swift in Sources */ = {isa = PBXBuildFile; fileRef = 332643E129B1FD4B00A15C73 /* SCBaseCodeViewController.swift */; };
		332643EF29B5C21600A15C73 /* ConstHeader.swift in Sources */ = {isa = PBXBuildFile; fileRef = 332643EE29B5C21600A15C73 /* ConstHeader.swift */; };
		332643F329B5D4D800A15C73 /* SCHostingView.swift in Sources */ = {isa = PBXBuildFile; fileRef = 332643F229B5D4D800A15C73 /* SCHostingView.swift */; };
		33330FDC29A8B87800632D60 /* SCListTableViewCell.swift in Sources */ = {isa = PBXBuildFile; fileRef = 33330FDB29A8B87800632D60 /* SCListTableViewCell.swift */; };
		33330FE229AC490400632D60 /* SCViewController.swift in Sources */ = {isa = PBXBuildFile; fileRef = 33330FE129AC490400632D60 /* SCViewController.swift */; };
		33330FE829AC492D00632D60 /* SCButtonViewController.swift in Sources */ = {isa = PBXBuildFile; fileRef = 33330FE729AC492D00632D60 /* SCButtonViewController.swift */; };
		3361D5C229B97E8900B165FF /* NSViewExtension.swift in Sources */ = {isa = PBXBuildFile; fileRef = 3361D5C129B97E8900B165FF /* NSViewExtension.swift */; };
		3361D5C729B9B56500B165FF /* SCDatePickViewController.swift in Sources */ = {isa = PBXBuildFile; fileRef = 3361D5C529B9B56500B165FF /* SCDatePickViewController.swift */; };
		3361D5CD29BEBAC400B165FF /* SCPopoverViewController.swift in Sources */ = {isa = PBXBuildFile; fileRef = 3361D5CB29BEBAC300B165FF /* SCPopoverViewController.swift */; };
		3361D5CE29BEBAC400B165FF /* SCPopoverViewController.xib in Resources */ = {isa = PBXBuildFile; fileRef = 3361D5CC29BEBAC400B165FF /* SCPopoverViewController.xib */; };
		3361D5D129BEF15600B165FF /* SCPanelViewController.swift in Sources */ = {isa = PBXBuildFile; fileRef = 3361D5CF29BEF15600B165FF /* SCPanelViewController.swift */; };
		3361D5D229BEF15600B165FF /* SCPanelViewController.xib in Resources */ = {isa = PBXBuildFile; fileRef = 3361D5D029BEF15600B165FF /* SCPanelViewController.xib */; };
		3361D5D929BF16DC00B165FF /* SCAlertViewController.swift in Sources */ = {isa = PBXBuildFile; fileRef = 3361D5D729BF16DC00B165FF /* SCAlertViewController.swift */; };
		3361D5DA29BF16DC00B165FF /* SCAlertViewController.xib in Resources */ = {isa = PBXBuildFile; fileRef = 3361D5D829BF16DC00B165FF /* SCAlertViewController.xib */; };
		3361D5DF29C040A300B165FF /* NSTableView.PNG in Resources */ = {isa = PBXBuildFile; fileRef = 3361D5DE29C040A300B165FF /* NSTableView.PNG */; };
		3361D5E729C073AD00B165FF /* URLSessionManager.swift in Sources */ = {isa = PBXBuildFile; fileRef = 3361D5E629C073AD00B165FF /* URLSessionManager.swift */; };
		336BEC0A29ADAACA00F26233 /* Sidebar.plist in Resources */ = {isa = PBXBuildFile; fileRef = 336BEC0929ADAACA00F26233 /* Sidebar.plist */; };
		337A824229AD9366007AE96B /* SCListViewController.swift in Sources */ = {isa = PBXBuildFile; fileRef = 337A824129AD9366007AE96B /* SCListViewController.swift */; };
		337A824429AD9888007AE96B /* SCListItem.swift in Sources */ = {isa = PBXBuildFile; fileRef = 337A824329AD9888007AE96B /* SCListItem.swift */; };
		33C75B4829B81FA800A3010D /* SCImageViewController.swift in Sources */ = {isa = PBXBuildFile; fileRef = 33C75B4729B81FA800A3010D /* SCImageViewController.swift */; };
		33C75B4B29B82AE600A3010D /* SDWebImage in Frameworks */ = {isa = PBXBuildFile; productRef = 33C75B4A29B82AE600A3010D /* SDWebImage */; };
		33C75B5129B85AE700A3010D /* SCTextFieldViewController.swift in Sources */ = {isa = PBXBuildFile; fileRef = 33C75B5029B85AE700A3010D /* SCTextFieldViewController.swift */; };
		33C75B5729B85B1400A3010D /* SCTextViewController.swift in Sources */ = {isa = PBXBuildFile; fileRef = 33C75B5629B85B1400A3010D /* SCTextViewController.swift */; };
		33C75B5D29B85B3A00A3010D /* SCSearchFieldViewController.swift in Sources */ = {isa = PBXBuildFile; fileRef = 33C75B5C29B85B3A00A3010D /* SCSearchFieldViewController.swift */; };
		33C75B6529B85BD800A3010D /* SCSegmentedControlViewController.swift in Sources */ = {isa = PBXBuildFile; fileRef = 33C75B6429B85BD800A3010D /* SCSegmentedControlViewController.swift */; };
		33C75B6729B85BF800A3010D /* SCComboBoxViewController.swift in Sources */ = {isa = PBXBuildFile; fileRef = 33C75B6629B85BF800A3010D /* SCComboBoxViewController.swift */; };
		33C75B6929B85C1900A3010D /* SCPopupButtonViewController.swift in Sources */ = {isa = PBXBuildFile; fileRef = 33C75B6829B85C1900A3010D /* SCPopupButtonViewController.swift */; };
		33C75B6B29B85C2F00A3010D /* SCSliderViewController.swift in Sources */ = {isa = PBXBuildFile; fileRef = 33C75B6A29B85C2F00A3010D /* SCSliderViewController.swift */; };
		33C75B7729B85C8100A3010D /* SCStepperViewController.swift in Sources */ = {isa = PBXBuildFile; fileRef = 33C75B7629B85C8100A3010D /* SCStepperViewController.swift */; };
		33C75B7929B85C9500A3010D /* SCProgressIndicatorViewController.swift in Sources */ = {isa = PBXBuildFile; fileRef = 33C75B7829B85C9500A3010D /* SCProgressIndicatorViewController.swift */; };
		33C75B7F29B85CCC00A3010D /* SCBoxViewController.swift in Sources */ = {isa = PBXBuildFile; fileRef = 33C75B7E29B85CCC00A3010D /* SCBoxViewController.swift */; };
		33C75B8129B85CE100A3010D /* SCSplitViewController.swift in Sources */ = {isa = PBXBuildFile; fileRef = 33C75B8029B85CE100A3010D /* SCSplitViewController.swift */; };
		33C75B8329B85D0D00A3010D /* SCCollectionViewController.swift in Sources */ = {isa = PBXBuildFile; fileRef = 33C75B8229B85D0D00A3010D /* SCCollectionViewController.swift */; };
		33C75B8929B85D3C00A3010D /* SCTabViewController.swift in Sources */ = {isa = PBXBuildFile; fileRef = 33C75B8829B85D3C00A3010D /* SCTabViewController.swift */; };
		33C75B9529B85DCC00A3010D /* SCToolbarViewController.swift in Sources */ = {isa = PBXBuildFile; fileRef = 33C75B9429B85DCC00A3010D /* SCToolbarViewController.swift */; };
		33C75B9729B85DDB00A3010D /* SCMenuController.swift in Sources */ = {isa = PBXBuildFile; fileRef = 33C75B9629B85DDB00A3010D /* SCMenuController.swift */; };
		33C75B9929B85DEB00A3010D /* SCStatusBarViewController.swift in Sources */ = {isa = PBXBuildFile; fileRef = 33C75B9829B85DEB00A3010D /* SCStatusBarViewController.swift */; };
		33C75B9B29B85E0300A3010D /* SCTableViewController.swift in Sources */ = {isa = PBXBuildFile; fileRef = 33C75B9A29B85E0300A3010D /* SCTableViewController.swift */; };
		33C75B9D29B85E1500A3010D /* SCOutlineViewController.swift in Sources */ = {isa = PBXBuildFile; fileRef = 33C75B9C29B85E1500A3010D /* SCOutlineViewController.swift */; };
		33C75B9F29B85E3100A3010D /* SCStackViewController.swift in Sources */ = {isa = PBXBuildFile; fileRef = 33C75B9E29B85E3100A3010D /* SCStackViewController.swift */; };
		33F5A70729A48D2500046E5B /* SideBarViewController.swift in Sources */ = {isa = PBXBuildFile; fileRef = 33F5A70629A48D2500046E5B /* SideBarViewController.swift */; };
		33F5A70929A49D2F00046E5B /* SideBarItem.swift in Sources */ = {isa = PBXBuildFile; fileRef = 33F5A70829A49D2F00046E5B /* SideBarItem.swift */; };
		33F5A70C29A4A54E00046E5B /* SnapKit in Frameworks */ = {isa = PBXBuildFile; productRef = 33F5A70B29A4A54E00046E5B /* SnapKit */; };
		33F5A70E29A4B5C100046E5B /* SideBarItemView.swift in Sources */ = {isa = PBXBuildFile; fileRef = 33F5A70D29A4B5C100046E5B /* SideBarItemView.swift */; };
		33F5A71229A5E94700046E5B /* LNOutlineView.swift in Sources */ = {isa = PBXBuildFile; fileRef = 33F5A71129A5E94700046E5B /* LNOutlineView.swift */; };
		4DBD134CD7FCD4588838FC3D /* NSDatePicker.md in Resources */ = {isa = PBXBuildFile; fileRef = BF49D7B96E5A5EE54DCCC489 /* NSDatePicker.md */; };
		517CBE339CE36FD8FA38B6C2 /* NSImageView.md in Resources */ = {isa = PBXBuildFile; fileRef = 89ED4FB29C95E89C507EF6CA /* NSImageView.md */; };
		52C2B6BECC8575FDB44D6766 /* AppKit.json in Resources */ = {isa = PBXBuildFile; fileRef = C0B7500DF1455FFD41654CEE /* AppKit.json */; };
		557D882DF6D92DC8B89AB51A /* NSTabView.md in Resources */ = {isa = PBXBuildFile; fileRef = EC4AD906228D531576BBCD91 /* NSTabView.md */; };
		68543D6F4F37820EE369BFE3 /* NSMenu.md in Resources */ = {isa = PBXBuildFile; fileRef = 5B992EF248D72AFED3B9091F /* NSMenu.md */; };
		691E155456EE0BB5009F2703 /* NSTableView.md in Resources */ = {isa = PBXBuildFile; fileRef = 12A2EDECAE6BDACEB08866D3 /* NSTableView.md */; };
		762DDCA01175488EEF36E862 /* NSToolBar.md in Resources */ = {isa = PBXBuildFile; fileRef = E36E2614D052A0B24846FC49 /* NSToolBar.md */; };
		7E69C751E63B2572935E6F23 /* NSView.md in Resources */ = {isa = PBXBuildFile; fileRef = 44FFA95D8EE7685027C0F23B /* NSView.md */; };
		82FC27604CBF49019C84618F /* NSProgressIndicator.md in Resources */ = {isa = PBXBuildFile; fileRef = 0888DDEBCF3A6765B08D5CF9 /* NSProgressIndicator.md */; };
		85AEA4680F2A7005B44C99D1 /* NSStackView.md in Resources */ = {isa = PBXBuildFile; fileRef = FD6CCCE25FD6C438626B19C2 /* NSStackView.md */; };
		9AAF2B705FDFDDE8FB80405B /* NSBox.md in Resources */ = {isa = PBXBuildFile; fileRef = 1F3A9C6E933173E9645ACAA2 /* NSBox.md */; };
		A968E505714E427D85DC259D /* NSCollectionView.md in Resources */ = {isa = PBXBuildFile; fileRef = FD99651E5420724DE3E81191 /* NSCollectionView.md */; };
		AB7BBF4B683D356D6EAEB9FA /* NSButton.md in Resources */ = {isa = PBXBuildFile; fileRef = 3C29B605379A2006857CCE3F /* NSButton.md */; };
		B2E6B590B01022168D0B1CDA /* NSAlert.md in Resources */ = {isa = PBXBuildFile; fileRef = 856FF43D43CEED198DA7F1CA /* NSAlert.md */; };
		CEC1447948FD1750BF3FADE4 /* NSSearchField.md in Resources */ = {isa = PBXBuildFile; fileRef = 2D305E5DBF24DECEC198E229 /* NSSearchField.md */; };
		D000ED43668E9EB7F57311EE /* NSSlider.md in Resources */ = {isa = PBXBuildFile; fileRef = CECFDCA2074FAE032E996FA5 /* NSSlider.md */; };
		DE493EC02539DDBF487A5A0A /* NSSplitView.md in Resources */ = {isa = PBXBuildFile; fileRef = 1A921039235F83380FE25E4E /* NSSplitView.md */; };
		E8D234B2E57359511DD7FDF3 /* NSOutlineView.md in Resources */ = {isa = PBXBuildFile; fileRef = 7280AFEF21B4739F649939AB /* NSOutlineView.md */; };
		EB0D5C184C0A636C620D297F /* NSPanel.md in Resources */ = {isa = PBXBuildFile; fileRef = 42532D9584AF4B2FB9C4401E /* NSPanel.md */; };
		ED0C0348F3CFCB453B5B436F /* NSTextField.md in Resources */ = {isa = PBXBuildFile; fileRef = 9A1A25C0C3D3D788C0DF241F /* NSTextField.md */; };
		F7CB5F03FDE91BEA78A1251E /* NSStatusBar.md in Resources */ = {isa = PBXBuildFile; fileRef = 2ED0E82D40C19268E8132FA1 /* NSStatusBar.md */; };
		FB062DDB02973DDF731F2F61 /* NSPopUpButton.md in Resources */ = {isa = PBXBuildFile; fileRef = 326248BD33C17977B94F371A /* NSPopUpButton.md */; };
		FF5CCA9AF81397666CBB687C /* NSSegmentedControl.md in Resources */ = {isa = PBXBuildFile; fileRef = B37A8AB295B2A147EEFE8732 /* NSSegmentedControl.md */; };
/* End PBXBuildFile section */

/* Begin PBXFileReference section */
		0888DDEBCF3A6765B08D5CF9 /* NSProgressIndicator.md */ = {isa = PBXFileReference; includeInIndex = 1; path = NSProgressIndicator.md; sourceTree = "<group>"; };
		12A2EDECAE6BDACEB08866D3 /* NSTableView.md */ = {isa = PBXFileReference; includeInIndex = 1; path = NSTableView.md; sourceTree = "<group>"; };
		1A921039235F83380FE25E4E /* NSSplitView.md */ = {isa = PBXFileReference; includeInIndex = 1; path = NSSplitView.md; sourceTree = "<group>"; };
		1F3A9C6E933173E9645ACAA2 /* NSBox.md */ = {isa = PBXFileReference; includeInIndex = 1; path = NSBox.md; sourceTree = "<group>"; };
		28453732AF7AA912690CE6CF /* AppKit.json */ = {isa = PBXFileReference; includeInIndex = 1; lastKnownFileType = text.json; name = AppKit.json; path = Document/AppKit.json; sourceTree = "<group>"; };
		2D305E5DBF24DECEC198E229 /* NSSearchField.md */ = {isa = PBXFileReference; includeInIndex = 1; path = NSSearchField.md; sourceTree = "<group>"; };
		2ED0E82D40C19268E8132FA1 /* NSStatusBar.md */ = {isa = PBXFileReference; includeInIndex = 1; path = NSStatusBar.md; sourceTree = "<group>"; };
		326248BD33C17977B94F371A /* NSPopUpButton.md */ = {isa = PBXFileReference; includeInIndex = 1; path = NSPopUpButton.md; sourceTree = "<group>"; };
		330515A1296C0BC400129D51 /* MacStudy.app */ = {isa = PBXFileReference; explicitFileType = wrapper.application; includeInIndex = 0; path = MacStudy.app; sourceTree = BUILT_PRODUCTS_DIR; };
		330515A4296C0BC400129D51 /* AppDelegate.swift */ = {isa = PBXFileReference; lastKnownFileType = sourcecode.swift; path = AppDelegate.swift; sourceTree = "<group>"; };
		330515A6296C0BC400129D51 /* ViewController.swift */ = {isa = PBXFileReference; lastKnownFileType = sourcecode.swift; path = ViewController.swift; sourceTree = "<group>"; };
		330515A9296C0BC400129D51 /* MacStudy.xcdatamodel */ = {isa = PBXFileReference; lastKnownFileType = wrapper.xcdatamodel; path = MacStudy.xcdatamodel; sourceTree = "<group>"; };
		330515AB296C0BC500129D51 /* Assets.xcassets */ = {isa = PBXFileReference; lastKnownFileType = folder.assetcatalog; path = Assets.xcassets; sourceTree = "<group>"; };
		330515AE296C0BC500129D51 /* Base */ = {isa = PBXFileReference; lastKnownFileType = file.storyboard; name = Base; path = Base.lproj/Main.storyboard; sourceTree = "<group>"; };
		330515B0296C0BC500129D51 /* MacStudy.entitlements */ = {isa = PBXFileReference; lastKnownFileType = text.plist.entitlements; path = MacStudy.entitlements; sourceTree = "<group>"; };
		330515B6296C109600129D51 /* Info.plist */ = {isa = PBXFileReference; lastKnownFileType = text.plist; path = Info.plist; sourceTree = "<group>"; };
		332643C029B1CA8E00A15C73 /* SCPageViewController.swift */ = {isa = PBXFileReference; lastKnownFileType = sourcecode.swift; path = SCPageViewController.swift; sourceTree = "<group>"; };
		332643C229B1DFB400A15C73 /* SCCodeViewController.swift */ = {isa = PBXFileReference; lastKnownFileType = sourcecode.swift; path = SCCodeViewController.swift; sourceTree = "<group>"; };
		332643D929B1FD4B00A15C73 /* SCAutoLayoutTextView.swift */ = {isa = PBXFileReference; fileEncoding = 4; lastKnownFileType = sourcecode.swift; path = SCAutoLayoutTextView.swift; sourceTree = "<group>"; };
		332643DA29B1FD4B00A15C73 /* SystemTool.swift */ = {isa = PBXFileReference; fileEncoding = 4; lastKnownFileType = sourcecode.swift; path = SystemTool.swift; sourceTree = "<group>"; };
		332643DD29B1FD4B00A15C73 /* TextOutputFormat.swift */ = {isa = PBXFileReference; fileEncoding = 4; lastKnownFileType = sourcecode.swift; path = TextOutputFormat.swift; sourceTree = "<group>"; };
		332643DE29B1FD4B00A15C73 /* SplashCodeSyntaxHighlighter.swift */ = {isa = PBXFileReference; fileEncoding = 4; lastKnownFileType = sourcecode.swift; path = SplashCodeSyntaxHighlighter.swift; sourceTree = "<group>"; };
		332643DF29B1FD4B00A15C73 /* MarkdownView.swift */ = {isa = PBXFileReference; fileEncoding = 4; lastKnownFileType = sourcecode.swift; path = MarkdownView.swift; sourceTree = "<group>"; };
		332643E029B1FD4B00A15C73 /* MarkdownBaseView.swift */ = {isa = PBXFileReference; fileEncoding = 4; lastKnownFileType = sourcecode.swift; path = MarkdownBaseView.swift; sourceTree = "<group>"; };
		332643E129B1FD4B00A15C73 /* SCBaseCodeViewController.swift */ = {isa = PBXFileReference; fileEncoding = 4; lastKnownFileType = sourcecode.swift; path = SCBaseCodeViewController.swift; sourceTree = "<group>"; };
		332643EE29B5C21600A15C73 /* ConstHeader.swift */ = {isa = PBXFileReference; lastKnownFileType = sourcecode.swift; path = ConstHeader.swift; sourceTree = "<group>"; };
		332643F229B5D4D800A15C73 /* SCHostingView.swift */ = {isa = PBXFileReference; lastKnownFileType = sourcecode.swift; path = SCHostingView.swift; sourceTree = "<group>"; };
		33330FDB29A8B87800632D60 /* SCListTableViewCell.swift */ = {isa = PBXFileReference; lastKnownFileType = sourcecode.swift; path = SCListTableViewCell.swift; sourceTree = "<group>"; };
		33330FE129AC490400632D60 /* SCViewController.swift */ = {isa = PBXFileReference; lastKnownFileType = sourcecode.swift; path = SCViewController.swift; sourceTree = "<group>"; };
		33330FE729AC492D00632D60 /* SCButtonViewController.swift */ = {isa = PBXFileReference; lastKnownFileType = sourcecode.swift; path = SCButtonViewController.swift; sourceTree = "<group>"; };
		3361D5C129B97E8900B165FF /* NSViewExtension.swift */ = {isa = PBXFileReference; lastKnownFileType = sourcecode.swift; path = NSViewExtension.swift; sourceTree = "<group>"; };
		3361D5C529B9B56500B165FF /* SCDatePickViewController.swift */ = {isa = PBXFileReference; lastKnownFileType = sourcecode.swift; path = SCDatePickViewController.swift; sourceTree = "<group>"; };
		3361D5CB29BEBAC300B165FF /* SCPopoverViewController.swift */ = {isa = PBXFileReference; lastKnownFileType = sourcecode.swift; path = SCPopoverViewController.swift; sourceTree = "<group>"; };
		3361D5CC29BEBAC400B165FF /* SCPopoverViewController.xib */ = {isa = PBXFileReference; lastKnownFileType = file.xib; path = SCPopoverViewController.xib; sourceTree = "<group>"; };
		3361D5CF29BEF15600B165FF /* SCPanelViewController.swift */ = {isa = PBXFileReference; lastKnownFileType = sourcecode.swift; path = SCPanelViewController.swift; sourceTree = "<group>"; };
		3361D5D029BEF15600B165FF /* SCPanelViewController.xib */ = {isa = PBXFileReference; lastKnownFileType = file.xib; path = SCPanelViewController.xib; sourceTree = "<group>"; };
		3361D5D729BF16DC00B165FF /* SCAlertViewController.swift */ = {isa = PBXFileReference; lastKnownFileType = sourcecode.swift; path = SCAlertViewController.swift; sourceTree = "<group>"; };
		3361D5D829BF16DC00B165FF /* SCAlertViewController.xib */ = {isa = PBXFileReference; lastKnownFileType = file.xib; path = SCAlertViewController.xib; sourceTree = "<group>"; };
		3361D5DE29C040A300B165FF /* NSTableView.PNG */ = {isa = PBXFileReference; lastKnownFileType = image.png; path = NSTableView.PNG; sourceTree = "<group>"; };
		3361D5E629C073AD00B165FF /* URLSessionManager.swift */ = {isa = PBXFileReference; lastKnownFileType = sourcecode.swift; path = URLSessionManager.swift; sourceTree = "<group>"; };
		336BEC0929ADAACA00F26233 /* Sidebar.plist */ = {isa = PBXFileReference; lastKnownFileType = text.plist.xml; path = Sidebar.plist; sourceTree = "<group>"; };
		337A824129AD9366007AE96B /* SCListViewController.swift */ = {isa = PBXFileReference; lastKnownFileType = sourcecode.swift; path = SCListViewController.swift; sourceTree = "<group>"; };
		337A824329AD9888007AE96B /* SCListItem.swift */ = {isa = PBXFileReference; lastKnownFileType = sourcecode.swift; path = SCListItem.swift; sourceTree = "<group>"; };
		33C75B4729B81FA800A3010D /* SCImageViewController.swift */ = {isa = PBXFileReference; lastKnownFileType = sourcecode.swift; path = SCImageViewController.swift; sourceTree = "<group>"; };
		33C75B5029B85AE700A3010D /* SCTextFieldViewController.swift */ = {isa = PBXFileReference; lastKnownFileType = sourcecode.swift; path = SCTextFieldViewController.swift; sourceTree = "<group>"; };
		33C75B5629B85B1400A3010D /* SCTextViewController.swift */ = {isa = PBXFileReference; lastKnownFileType = sourcecode.swift; path = SCTextViewController.swift; sourceTree = "<group>"; };
		33C75B5C29B85B3A00A3010D /* SCSearchFieldViewController.swift */ = {isa = PBXFileReference; lastKnownFileType = sourcecode.swift; path = SCSearchFieldViewController.swift; sourceTree = "<group>"; };
		33C75B6429B85BD800A3010D /* SCSegmentedControlViewController.swift */ = {isa = PBXFileReference; lastKnownFileType = sourcecode.swift; path = SCSegmentedControlViewController.swift; sourceTree = "<group>"; };
		33C75B6629B85BF800A3010D /* SCComboBoxViewController.swift */ = {isa = PBXFileReference; lastKnownFileType = sourcecode.swift; path = SCComboBoxViewController.swift; sourceTree = "<group>"; };
		33C75B6829B85C1900A3010D /* SCPopupButtonViewController.swift */ = {isa = PBXFileReference; lastKnownFileType = sourcecode.swift; path = SCPopupButtonViewController.swift; sourceTree = "<group>"; };
		33C75B6A29B85C2F00A3010D /* SCSliderViewController.swift */ = {isa = PBXFileReference; lastKnownFileType = sourcecode.swift; path = SCSliderViewController.swift; sourceTree = "<group>"; };
		33C75B7629B85C8100A3010D /* SCStepperViewController.swift */ = {isa = PBXFileReference; lastKnownFileType = sourcecode.swift; path = SCStepperViewController.swift; sourceTree = "<group>"; };
		33C75B7829B85C9500A3010D /* SCProgressIndicatorViewController.swift */ = {isa = PBXFileReference; lastKnownFileType = sourcecode.swift; path = SCProgressIndicatorViewController.swift; sourceTree = "<group>"; };
		33C75B7E29B85CCC00A3010D /* SCBoxViewController.swift */ = {isa = PBXFileReference; lastKnownFileType = sourcecode.swift; path = SCBoxViewController.swift; sourceTree = "<group>"; };
		33C75B8029B85CE100A3010D /* SCSplitViewController.swift */ = {isa = PBXFileReference; lastKnownFileType = sourcecode.swift; path = SCSplitViewController.swift; sourceTree = "<group>"; };
		33C75B8229B85D0D00A3010D /* SCCollectionViewController.swift */ = {isa = PBXFileReference; lastKnownFileType = sourcecode.swift; path = SCCollectionViewController.swift; sourceTree = "<group>"; };
		33C75B8829B85D3C00A3010D /* SCTabViewController.swift */ = {isa = PBXFileReference; lastKnownFileType = sourcecode.swift; path = SCTabViewController.swift; sourceTree = "<group>"; };
		33C75B9429B85DCC00A3010D /* SCToolbarViewController.swift */ = {isa = PBXFileReference; lastKnownFileType = sourcecode.swift; path = SCToolbarViewController.swift; sourceTree = "<group>"; };
		33C75B9629B85DDB00A3010D /* SCMenuController.swift */ = {isa = PBXFileReference; lastKnownFileType = sourcecode.swift; path = SCMenuController.swift; sourceTree = "<group>"; };
		33C75B9829B85DEB00A3010D /* SCStatusBarViewController.swift */ = {isa = PBXFileReference; lastKnownFileType = sourcecode.swift; path = SCStatusBarViewController.swift; sourceTree = "<group>"; };
		33C75B9A29B85E0300A3010D /* SCTableViewController.swift */ = {isa = PBXFileReference; lastKnownFileType = sourcecode.swift; path = SCTableViewController.swift; sourceTree = "<group>"; };
		33C75B9C29B85E1500A3010D /* SCOutlineViewController.swift */ = {isa = PBXFileReference; lastKnownFileType = sourcecode.swift; path = SCOutlineViewController.swift; sourceTree = "<group>"; };
		33C75B9E29B85E3100A3010D /* SCStackViewController.swift */ = {isa = PBXFileReference; lastKnownFileType = sourcecode.swift; path = SCStackViewController.swift; sourceTree = "<group>"; };
		33F5A70629A48D2500046E5B /* SideBarViewController.swift */ = {isa = PBXFileReference; lastKnownFileType = sourcecode.swift; path = SideBarViewController.swift; sourceTree = "<group>"; };
		33F5A70829A49D2F00046E5B /* SideBarItem.swift */ = {isa = PBXFileReference; lastKnownFileType = sourcecode.swift; path = SideBarItem.swift; sourceTree = "<group>"; };
		33F5A70D29A4B5C100046E5B /* SideBarItemView.swift */ = {isa = PBXFileReference; lastKnownFileType = sourcecode.swift; path = SideBarItemView.swift; sourceTree = "<group>"; };
		33F5A71129A5E94700046E5B /* LNOutlineView.swift */ = {isa = PBXFileReference; lastKnownFileType = sourcecode.swift; path = LNOutlineView.swift; sourceTree = "<group>"; };
		3C29B605379A2006857CCE3F /* NSButton.md */ = {isa = PBXFileReference; includeInIndex = 1; path = NSButton.md; sourceTree = "<group>"; };
		42532D9584AF4B2FB9C4401E /* NSPanel.md */ = {isa = PBXFileReference; includeInIndex = 1; path = NSPanel.md; sourceTree = "<group>"; };
		44FFA95D8EE7685027C0F23B /* NSView.md */ = {isa = PBXFileReference; includeInIndex = 1; path = NSView.md; sourceTree = "<group>"; };
		57616C1A7CBD0DCBC22E1792 /* NSView.md */ = {isa = PBXFileReference; includeInIndex = 1; lastKnownFileType = net.daringfireball.markdown; name = NSView.md; path = Document/NSView.md; sourceTree = "<group>"; };
		5B992EF248D72AFED3B9091F /* NSMenu.md */ = {isa = PBXFileReference; includeInIndex = 1; path = NSMenu.md; sourceTree = "<group>"; };
		5EDBBFDB342C960FE75DA3F6 /* NSView.md */ = {isa = PBXFileReference; includeInIndex = 1; lastKnownFileType = net.daringfireball.markdown; name = NSView.md; path = Document/NSView.md; sourceTree = "<group>"; };
		7280AFEF21B4739F649939AB /* NSOutlineView.md */ = {isa = PBXFileReference; includeInIndex = 1; path = NSOutlineView.md; sourceTree = "<group>"; };
		856FF43D43CEED198DA7F1CA /* NSAlert.md */ = {isa = PBXFileReference; includeInIndex = 1; path = NSAlert.md; sourceTree = "<group>"; };
		89483E20A27122EA487E45A5 /* AppKit.json */ = {isa = PBXFileReference; includeInIndex = 1; lastKnownFileType = text.json; name = AppKit.json; path = Document/AppKit.json; sourceTree = "<group>"; };
		89ED4FB29C95E89C507EF6CA /* NSImageView.md */ = {isa = PBXFileReference; includeInIndex = 1; path = NSImageView.md; sourceTree = "<group>"; };
		91477DCF5D6C805E4FFD6495 /* NSComboBox.md */ = {isa = PBXFileReference; includeInIndex = 1; path = NSComboBox.md; sourceTree = "<group>"; };
		942B6A72CE236D0FCCC6AF68 /* NSStepper.md */ = {isa = PBXFileReference; includeInIndex = 1; path = NSStepper.md; sourceTree = "<group>"; };
		9A1A25C0C3D3D788C0DF241F /* NSTextField.md */ = {isa = PBXFileReference; includeInIndex = 1; path = NSTextField.md; sourceTree = "<group>"; };
		B37A8AB295B2A147EEFE8732 /* NSSegmentedControl.md */ = {isa = PBXFileReference; includeInIndex = 1; path = NSSegmentedControl.md; sourceTree = "<group>"; };
		BF49D7B96E5A5EE54DCCC489 /* NSDatePicker.md */ = {isa = PBXFileReference; includeInIndex = 1; path = NSDatePicker.md; sourceTree = "<group>"; };
		C0B7500DF1455FFD41654CEE /* AppKit.json */ = {isa = PBXFileReference; includeInIndex = 1; path = AppKit.json; sourceTree = "<group>"; };
		CECFDCA2074FAE032E996FA5 /* NSSlider.md */ = {isa = PBXFileReference; includeInIndex = 1; path = NSSlider.md; sourceTree = "<group>"; };
		D02FA8BC31F7F106212CE3A4 /* AppKit.json */ = {isa = PBXFileReference; includeInIndex = 1; lastKnownFileType = text.json; name = AppKit.json; path = Document/AppKit.json; sourceTree = "<group>"; };
		D2C71329FC2DF6DB39180A7B /* NSPopover.md */ = {isa = PBXFileReference; includeInIndex = 1; path = NSPopover.md; sourceTree = "<group>"; };
		E36E2614D052A0B24846FC49 /* NSToolBar.md */ = {isa = PBXFileReference; includeInIndex = 1; path = NSToolBar.md; sourceTree = "<group>"; };
		E50263F722766B67FEBA2FCE /* NSTextView.md */ = {isa = PBXFileReference; includeInIndex = 1; path = NSTextView.md; sourceTree = "<group>"; };
		EC4AD906228D531576BBCD91 /* NSTabView.md */ = {isa = PBXFileReference; includeInIndex = 1; path = NSTabView.md; sourceTree = "<group>"; };
		FD6CCCE25FD6C438626B19C2 /* NSStackView.md */ = {isa = PBXFileReference; includeInIndex = 1; path = NSStackView.md; sourceTree = "<group>"; };
		FD99651E5420724DE3E81191 /* NSCollectionView.md */ = {isa = PBXFileReference; includeInIndex = 1; path = NSCollectionView.md; sourceTree = "<group>"; };
/* End PBXFileReference section */

/* Begin PBXFrameworksBuildPhase section */
		3305159E296C0BC400129D51 /* Frameworks */ = {
			isa = PBXFrameworksBuildPhase;
			buildActionMask = 2147483647;
			files = (
				332643B729B0A95E00A15C73 /* MAKLayerView in Frameworks */,
				33F5A70C29A4A54E00046E5B /* SnapKit in Frameworks */,
				332643B529B0A95E00A15C73 /* MAKAutoLayoutTextView in Frameworks */,
				33C75B4B29B82AE600A3010D /* SDWebImage in Frameworks */,
				332643B929B0A95E00A15C73 /* MAKShadowView in Frameworks */,
				332643C829B1EBDE00A15C73 /* MarkdownUI in Frameworks */,
				332643D329B1FAFC00A15C73 /* Splash in Frameworks */,
			);
			runOnlyForDeploymentPostprocessing = 0;
		};
/* End PBXFrameworksBuildPhase section */

/* Begin PBXGroup section */
		0C97CB1C680C61994EF75B6E /* Documents */ = {
			isa = PBXGroup;
			children = (
				326248BD33C17977B94F371A /* NSPopUpButton.md */,
				942B6A72CE236D0FCCC6AF68 /* NSStepper.md */,
				E50263F722766B67FEBA2FCE /* NSTextView.md */,
				2ED0E82D40C19268E8132FA1 /* NSStatusBar.md */,
				89ED4FB29C95E89C507EF6CA /* NSImageView.md */,
				FD6CCCE25FD6C438626B19C2 /* NSStackView.md */,
				0888DDEBCF3A6765B08D5CF9 /* NSProgressIndicator.md */,
				FD99651E5420724DE3E81191 /* NSCollectionView.md */,
				7280AFEF21B4739F649939AB /* NSOutlineView.md */,
				42532D9584AF4B2FB9C4401E /* NSPanel.md */,
				C0B7500DF1455FFD41654CEE /* AppKit.json */,
				856FF43D43CEED198DA7F1CA /* NSAlert.md */,
				BF49D7B96E5A5EE54DCCC489 /* NSDatePicker.md */,
				1A921039235F83380FE25E4E /* NSSplitView.md */,
				91477DCF5D6C805E4FFD6495 /* NSComboBox.md */,
				12A2EDECAE6BDACEB08866D3 /* NSTableView.md */,
				B37A8AB295B2A147EEFE8732 /* NSSegmentedControl.md */,
				CECFDCA2074FAE032E996FA5 /* NSSlider.md */,
				E36E2614D052A0B24846FC49 /* NSToolBar.md */,
				3C29B605379A2006857CCE3F /* NSButton.md */,
				EC4AD906228D531576BBCD91 /* NSTabView.md */,
				2D305E5DBF24DECEC198E229 /* NSSearchField.md */,
				D2C71329FC2DF6DB39180A7B /* NSPopover.md */,
				9A1A25C0C3D3D788C0DF241F /* NSTextField.md */,
				5B992EF248D72AFED3B9091F /* NSMenu.md */,
				44FFA95D8EE7685027C0F23B /* NSView.md */,
				1F3A9C6E933173E9645ACAA2 /* NSBox.md */,
			);
			path = Documents;
			sourceTree = "<group>";
		};
		33051598296C0BC300129D51 = {
			isa = PBXGroup;
			children = (
				330515A3296C0BC400129D51 /* MacStudy */,
				330515A2296C0BC400129D51 /* Products */,
				33A0AD7729AF29EA003B8C78 /* Recovered References */,
			);
			sourceTree = "<group>";
		};
		330515A2296C0BC400129D51 /* Products */ = {
			isa = PBXGroup;
			children = (
				330515A1296C0BC400129D51 /* MacStudy.app */,
			);
			name = Products;
			sourceTree = "<group>";
		};
		330515A3296C0BC400129D51 /* MacStudy */ = {
			isa = PBXGroup;
			children = (
				332643D829B1FD4B00A15C73 /* Others */,
				33F5A70329A469AF00046E5B /* MainView */,
				33330FD729A8B6E100632D60 /* ListView */,
				33330FD829A8B70800632D60 /* PageView */,
				33F5A70429A469CB00046E5B /* AppKit-doc */,
				3361D5DD29C040A300B165FF /* Resources */,
				330515B6296C109600129D51 /* Info.plist */,
				330515A4296C0BC400129D51 /* AppDelegate.swift */,
				330515AB296C0BC500129D51 /* Assets.xcassets */,
				330515AD296C0BC500129D51 /* Main.storyboard */,
				330515B0296C0BC500129D51 /* MacStudy.entitlements */,
				330515A8296C0BC400129D51 /* MacStudy.xcdatamodeld */,
				336BEC0929ADAACA00F26233 /* Sidebar.plist */,
				0C97CB1C680C61994EF75B6E /* Documents */,
			);
			path = MacStudy;
			sourceTree = "<group>";
		};
		332643D829B1FD4B00A15C73 /* Others */ = {
			isa = PBXGroup;
			children = (
				332643DB29B1FD4B00A15C73 /* Markdown */,
				332643D929B1FD4B00A15C73 /* SCAutoLayoutTextView.swift */,
				332643DA29B1FD4B00A15C73 /* SystemTool.swift */,
				332643E129B1FD4B00A15C73 /* SCBaseCodeViewController.swift */,
				332643EE29B5C21600A15C73 /* ConstHeader.swift */,
				332643F229B5D4D800A15C73 /* SCHostingView.swift */,
				3361D5C129B97E8900B165FF /* NSViewExtension.swift */,
			);
			path = Others;
			sourceTree = "<group>";
		};
		332643DB29B1FD4B00A15C73 /* Markdown */ = {
			isa = PBXGroup;
			children = (
				332643DC29B1FD4B00A15C73 /* SyntaxHighlighter */,
				332643DF29B1FD4B00A15C73 /* MarkdownView.swift */,
				332643E029B1FD4B00A15C73 /* MarkdownBaseView.swift */,
				3361D5E629C073AD00B165FF /* URLSessionManager.swift */,
			);
			path = Markdown;
			sourceTree = "<group>";
		};
		332643DC29B1FD4B00A15C73 /* SyntaxHighlighter */ = {
			isa = PBXGroup;
			children = (
				332643DD29B1FD4B00A15C73 /* TextOutputFormat.swift */,
				332643DE29B1FD4B00A15C73 /* SplashCodeSyntaxHighlighter.swift */,
			);
			path = SyntaxHighlighter;
			sourceTree = "<group>";
		};
		33330FD729A8B6E100632D60 /* ListView */ = {
			isa = PBXGroup;
			children = (
				337A824329AD9888007AE96B /* SCListItem.swift */,
				33330FDB29A8B87800632D60 /* SCListTableViewCell.swift */,
				337A824129AD9366007AE96B /* SCListViewController.swift */,
			);
			path = ListView;
			sourceTree = "<group>";
		};
		33330FD829A8B70800632D60 /* PageView */ = {
			isa = PBXGroup;
			children = (
				332643C029B1CA8E00A15C73 /* SCPageViewController.swift */,
				332643C229B1DFB400A15C73 /* SCCodeViewController.swift */,
			);
			path = PageView;
			sourceTree = "<group>";
		};
		3361D5DD29C040A300B165FF /* Resources */ = {
			isa = PBXGroup;
			children = (
				3361D5DE29C040A300B165FF /* NSTableView.PNG */,
			);
			path = Resources;
			sourceTree = "<group>";
		};
		33A0AD7729AF29EA003B8C78 /* Recovered References */ = {
			isa = PBXGroup;
			children = (
				28453732AF7AA912690CE6CF /* AppKit.json */,
				57616C1A7CBD0DCBC22E1792 /* NSView.md */,
				89483E20A27122EA487E45A5 /* AppKit.json */,
				5EDBBFDB342C960FE75DA3F6 /* NSView.md */,
				D02FA8BC31F7F106212CE3A4 /* AppKit.json */,
			);
			name = "Recovered References";
			sourceTree = "<group>";
		};
		33F5A70329A469AF00046E5B /* MainView */ = {
			isa = PBXGroup;
			children = (
				330515A6296C0BC400129D51 /* ViewController.swift */,
				33F5A70629A48D2500046E5B /* SideBarViewController.swift */,
				33F5A70829A49D2F00046E5B /* SideBarItem.swift */,
				33F5A70D29A4B5C100046E5B /* SideBarItemView.swift */,
				33F5A71129A5E94700046E5B /* LNOutlineView.swift */,
			);
			name = MainView;
			sourceTree = "<group>";
		};
		33F5A70429A469CB00046E5B /* AppKit-doc */ = {
			isa = PBXGroup;
			children = (
				33330FE129AC490400632D60 /* SCViewController.swift */,
				33C75B5029B85AE700A3010D /* SCTextFieldViewController.swift */,
				33C75B5629B85B1400A3010D /* SCTextViewController.swift */,
				33C75B4729B81FA800A3010D /* SCImageViewController.swift */,
				33330FE729AC492D00632D60 /* SCButtonViewController.swift */,
				33C75B8229B85D0D00A3010D /* SCCollectionViewController.swift */,
				33C75B9A29B85E0300A3010D /* SCTableViewController.swift */,
				33C75B9C29B85E1500A3010D /* SCOutlineViewController.swift */,
				33C75B8029B85CE100A3010D /* SCSplitViewController.swift */,
				33C75B6629B85BF800A3010D /* SCComboBoxViewController.swift */,
				33C75B6829B85C1900A3010D /* SCPopupButtonViewController.swift */,
				33C75B5C29B85B3A00A3010D /* SCSearchFieldViewController.swift */,
				33C75B6429B85BD800A3010D /* SCSegmentedControlViewController.swift */,
				33C75B6A29B85C2F00A3010D /* SCSliderViewController.swift */,
				3361D5C529B9B56500B165FF /* SCDatePickViewController.swift */,
				33C75B7629B85C8100A3010D /* SCStepperViewController.swift */,
				33C75B7829B85C9500A3010D /* SCProgressIndicatorViewController.swift */,
				33C75B7E29B85CCC00A3010D /* SCBoxViewController.swift */,
				33C75B8829B85D3C00A3010D /* SCTabViewController.swift */,
				3361D5CB29BEBAC300B165FF /* SCPopoverViewController.swift */,
				3361D5CC29BEBAC400B165FF /* SCPopoverViewController.xib */,
				3361D5CF29BEF15600B165FF /* SCPanelViewController.swift */,
				3361D5D029BEF15600B165FF /* SCPanelViewController.xib */,
				3361D5D729BF16DC00B165FF /* SCAlertViewController.swift */,
				3361D5D829BF16DC00B165FF /* SCAlertViewController.xib */,
				33C75B9429B85DCC00A3010D /* SCToolbarViewController.swift */,
				33C75B9629B85DDB00A3010D /* SCMenuController.swift */,
				33C75B9829B85DEB00A3010D /* SCStatusBarViewController.swift */,
				33C75B9E29B85E3100A3010D /* SCStackViewController.swift */,
			);
			path = "AppKit-doc";
			sourceTree = "<group>";
		};
/* End PBXGroup section */

/* Begin PBXNativeTarget section */
		330515A0296C0BC400129D51 /* MacStudy */ = {
			isa = PBXNativeTarget;
			buildConfigurationList = 330515B3296C0BC500129D51 /* Build configuration list for PBXNativeTarget "MacStudy" */;
			buildPhases = (
				3305159D296C0BC400129D51 /* Sources */,
				3305159E296C0BC400129D51 /* Frameworks */,
				3305159F296C0BC400129D51 /* Resources */,
			);
			buildRules = (
			);
			dependencies = (
			);
			name = MacStudy;
			packageProductDependencies = (
				33F5A70B29A4A54E00046E5B /* SnapKit */,
				332643B429B0A95E00A15C73 /* MAKAutoLayoutTextView */,
				332643B629B0A95E00A15C73 /* MAKLayerView */,
				332643B829B0A95E00A15C73 /* MAKShadowView */,
				332643C729B1EBDE00A15C73 /* MarkdownUI */,
				332643D229B1FAFC00A15C73 /* Splash */,
				33C75B4A29B82AE600A3010D /* SDWebImage */,
			);
			productName = MacStudy;
			productReference = 330515A1296C0BC400129D51 /* MacStudy.app */;
			productType = "com.apple.product-type.application";
		};
/* End PBXNativeTarget section */

/* Begin PBXProject section */
		33051599296C0BC300129D51 /* Project object */ = {
			isa = PBXProject;
			attributes = {
				BuildIndependentTargetsInParallel = 1;
				LastSwiftUpdateCheck = 1420;
				LastUpgradeCheck = 1420;
				TargetAttributes = {
					330515A0296C0BC400129D51 = {
						CreatedOnToolsVersion = 14.2;
					};
				};
			};
			buildConfigurationList = 3305159C296C0BC300129D51 /* Build configuration list for PBXProject "MacStudy" */;
			compatibilityVersion = "Xcode 13.0";
			developmentRegion = en;
			hasScannedForEncodings = 0;
			knownRegions = (
				en,
				Base,
			);
			mainGroup = 33051598296C0BC300129D51;
			packageReferences = (
				33F5A70A29A4A54E00046E5B /* XCRemoteSwiftPackageReference "SnapKit.git" */,
				332643B329B0A95E00A15C73 /* XCRemoteSwiftPackageReference "ModernAppKit.git" */,
				332643C629B1EBDE00A15C73 /* XCRemoteSwiftPackageReference "swift-markdown-ui" */,
				332643D129B1FAFC00A15C73 /* XCRemoteSwiftPackageReference "Splash" */,
				33C75B4929B82AE600A3010D /* XCRemoteSwiftPackageReference "SDWebImage.git" */,
			);
			productRefGroup = 330515A2296C0BC400129D51 /* Products */;
			projectDirPath = "";
			projectRoot = "";
			targets = (
				330515A0296C0BC400129D51 /* MacStudy */,
			);
		};
/* End PBXProject section */

/* Begin PBXResourcesBuildPhase section */
		3305159F296C0BC400129D51 /* Resources */ = {
			isa = PBXResourcesBuildPhase;
			buildActionMask = 2147483647;
			files = (
				330515AC296C0BC500129D51 /* Assets.xcassets in Resources */,
				336BEC0A29ADAACA00F26233 /* Sidebar.plist in Resources */,
				330515AF296C0BC500129D51 /* Main.storyboard in Resources */,
				3361D5DA29BF16DC00B165FF /* SCAlertViewController.xib in Resources */,
				3361D5CE29BEBAC400B165FF /* SCPopoverViewController.xib in Resources */,
				3361D5D229BEF15600B165FF /* SCPanelViewController.xib in Resources */,
				3361D5DF29C040A300B165FF /* NSTableView.PNG in Resources */,
				FB062DDB02973DDF731F2F61 /* NSPopUpButton.md in Resources */,
				1742D120F35A208B104DB3C6 /* NSStepper.md in Resources */,
				1ADBD0EEB19F9A555E9AE5E8 /* NSTextView.md in Resources */,
				F7CB5F03FDE91BEA78A1251E /* NSStatusBar.md in Resources */,
				517CBE339CE36FD8FA38B6C2 /* NSImageView.md in Resources */,
				85AEA4680F2A7005B44C99D1 /* NSStackView.md in Resources */,
				82FC27604CBF49019C84618F /* NSProgressIndicator.md in Resources */,
				A968E505714E427D85DC259D /* NSCollectionView.md in Resources */,
				E8D234B2E57359511DD7FDF3 /* NSOutlineView.md in Resources */,
				EB0D5C184C0A636C620D297F /* NSPanel.md in Resources */,
				52C2B6BECC8575FDB44D6766 /* AppKit.json in Resources */,
				B2E6B590B01022168D0B1CDA /* NSAlert.md in Resources */,
				4DBD134CD7FCD4588838FC3D /* NSDatePicker.md in Resources */,
				DE493EC02539DDBF487A5A0A /* NSSplitView.md in Resources */,
				0C05CA37ACA6DFE116C5CC43 /* NSComboBox.md in Resources */,
				691E155456EE0BB5009F2703 /* NSTableView.md in Resources */,
				FF5CCA9AF81397666CBB687C /* NSSegmentedControl.md in Resources */,
				D000ED43668E9EB7F57311EE /* NSSlider.md in Resources */,
				762DDCA01175488EEF36E862 /* NSToolBar.md in Resources */,
				AB7BBF4B683D356D6EAEB9FA /* NSButton.md in Resources */,
				557D882DF6D92DC8B89AB51A /* NSTabView.md in Resources */,
				CEC1447948FD1750BF3FADE4 /* NSSearchField.md in Resources */,
				160BD2171D292B7F0D9AA327 /* NSPopover.md in Resources */,
				ED0C0348F3CFCB453B5B436F /* NSTextField.md in Resources */,
				68543D6F4F37820EE369BFE3 /* NSMenu.md in Resources */,
				7E69C751E63B2572935E6F23 /* NSView.md in Resources */,
				9AAF2B705FDFDDE8FB80405B /* NSBox.md in Resources */,
			);
			runOnlyForDeploymentPostprocessing = 0;
		};
/* End PBXResourcesBuildPhase section */

/* Begin PBXSourcesBuildPhase section */
		3305159D296C0BC400129D51 /* Sources */ = {
			isa = PBXSourcesBuildPhase;
			buildActionMask = 2147483647;
			files = (
				337A824429AD9888007AE96B /* SCListItem.swift in Sources */,
				330515AA296C0BC400129D51 /* MacStudy.xcdatamodeld in Sources */,
				3361D5C729B9B56500B165FF /* SCDatePickViewController.swift in Sources */,
				3361D5D929BF16DC00B165FF /* SCAlertViewController.swift in Sources */,
				3361D5E729C073AD00B165FF /* URLSessionManager.swift in Sources */,
				332643E729B1FD4B00A15C73 /* MarkdownBaseView.swift in Sources */,
				33C75B6729B85BF800A3010D /* SCComboBoxViewController.swift in Sources */,
				330515A7296C0BC400129D51 /* ViewController.swift in Sources */,
				332643E429B1FD4B00A15C73 /* TextOutputFormat.swift in Sources */,
				332643F329B5D4D800A15C73 /* SCHostingView.swift in Sources */,
				332643EF29B5C21600A15C73 /* ConstHeader.swift in Sources */,
				33C75B9B29B85E0300A3010D /* SCTableViewController.swift in Sources */,
				33F5A70E29A4B5C100046E5B /* SideBarItemView.swift in Sources */,
				33C75B9529B85DCC00A3010D /* SCToolbarViewController.swift in Sources */,
				33330FE229AC490400632D60 /* SCViewController.swift in Sources */,
				33C75B5129B85AE700A3010D /* SCTextFieldViewController.swift in Sources */,
				33330FE829AC492D00632D60 /* SCButtonViewController.swift in Sources */,
				33C75B9F29B85E3100A3010D /* SCStackViewController.swift in Sources */,
				332643C129B1CA8E00A15C73 /* SCPageViewController.swift in Sources */,
				332643C529B1E83600A15C73 /* SCCodeViewController.swift in Sources */,
				33F5A71229A5E94700046E5B /* LNOutlineView.swift in Sources */,
				33C75B6B29B85C2F00A3010D /* SCSliderViewController.swift in Sources */,
				330515A5296C0BC400129D51 /* AppDelegate.swift in Sources */,
				33C75B7729B85C8100A3010D /* SCStepperViewController.swift in Sources */,
				332643E629B1FD4B00A15C73 /* MarkdownView.swift in Sources */,
				3361D5CD29BEBAC400B165FF /* SCPopoverViewController.swift in Sources */,
				3361D5C229B97E8900B165FF /* NSViewExtension.swift in Sources */,
				33C75B9729B85DDB00A3010D /* SCMenuController.swift in Sources */,
				332643E229B1FD4B00A15C73 /* SCAutoLayoutTextView.swift in Sources */,
				33C75B7F29B85CCC00A3010D /* SCBoxViewController.swift in Sources */,
				33C75B6929B85C1900A3010D /* SCPopupButtonViewController.swift in Sources */,
				33C75B8129B85CE100A3010D /* SCSplitViewController.swift in Sources */,
				33F5A70729A48D2500046E5B /* SideBarViewController.swift in Sources */,
				33F5A70929A49D2F00046E5B /* SideBarItem.swift in Sources */,
				33C75B5729B85B1400A3010D /* SCTextViewController.swift in Sources */,
				337A824229AD9366007AE96B /* SCListViewController.swift in Sources */,
				33C75B9D29B85E1500A3010D /* SCOutlineViewController.swift in Sources */,
				33C75B7929B85C9500A3010D /* SCProgressIndicatorViewController.swift in Sources */,
				332643E329B1FD4B00A15C73 /* SystemTool.swift in Sources */,
				332643E529B1FD4B00A15C73 /* SplashCodeSyntaxHighlighter.swift in Sources */,
				33C75B8329B85D0D00A3010D /* SCCollectionViewController.swift in Sources */,
				33C75B9929B85DEB00A3010D /* SCStatusBarViewController.swift in Sources */,
				332643E829B1FD4B00A15C73 /* SCBaseCodeViewController.swift in Sources */,
				33C75B4829B81FA800A3010D /* SCImageViewController.swift in Sources */,
				3361D5D129BEF15600B165FF /* SCPanelViewController.swift in Sources */,
				33330FDC29A8B87800632D60 /* SCListTableViewCell.swift in Sources */,
				33C75B8929B85D3C00A3010D /* SCTabViewController.swift in Sources */,
				33C75B5D29B85B3A00A3010D /* SCSearchFieldViewController.swift in Sources */,
				33C75B6529B85BD800A3010D /* SCSegmentedControlViewController.swift in Sources */,
			);
			runOnlyForDeploymentPostprocessing = 0;
		};
/* End PBXSourcesBuildPhase section */

/* Begin PBXVariantGroup section */
		330515AD296C0BC500129D51 /* Main.storyboard */ = {
			isa = PBXVariantGroup;
			children = (
				330515AE296C0BC500129D51 /* Base */,
			);
			name = Main.storyboard;
			sourceTree = "<group>";
		};
/* End PBXVariantGroup section */

/* Begin XCBuildConfiguration section */
		330515B1296C0BC500129D51 /* Debug */ = {
			isa = XCBuildConfiguration;
			buildSettings = {
				ALWAYS_SEARCH_USER_PATHS = NO;
				CLANG_ANALYZER_NONNULL = YES;
				CLANG_ANALYZER_NUMBER_OBJECT_CONVERSION = YES_AGGRESSIVE;
				CLANG_CXX_LANGUAGE_STANDARD = "gnu++20";
				CLANG_ENABLE_MODULES = YES;
				CLANG_ENABLE_OBJC_ARC = YES;
				CLANG_ENABLE_OBJC_WEAK = YES;
				CLANG_WARN_BLOCK_CAPTURE_AUTORELEASING = YES;
				CLANG_WARN_BOOL_CONVERSION = YES;
				CLANG_WARN_COMMA = YES;
				CLANG_WARN_CONSTANT_CONVERSION = YES;
				CLANG_WARN_DEPRECATED_OBJC_IMPLEMENTATIONS = YES;
				CLANG_WARN_DIRECT_OBJC_ISA_USAGE = YES_ERROR;
				CLANG_WARN_DOCUMENTATION_COMMENTS = YES;
				CLANG_WARN_EMPTY_BODY = YES;
				CLANG_WARN_ENUM_CONVERSION = YES;
				CLANG_WARN_INFINITE_RECURSION = YES;
				CLANG_WARN_INT_CONVERSION = YES;
				CLANG_WARN_NON_LITERAL_NULL_CONVERSION = YES;
				CLANG_WARN_OBJC_IMPLICIT_RETAIN_SELF = YES;
				CLANG_WARN_OBJC_LITERAL_CONVERSION = YES;
				CLANG_WARN_OBJC_ROOT_CLASS = YES_ERROR;
				CLANG_WARN_QUOTED_INCLUDE_IN_FRAMEWORK_HEADER = YES;
				CLANG_WARN_RANGE_LOOP_ANALYSIS = YES;
				CLANG_WARN_STRICT_PROTOTYPES = YES;
				CLANG_WARN_SUSPICIOUS_MOVE = YES;
				CLANG_WARN_UNGUARDED_AVAILABILITY = YES_AGGRESSIVE;
				CLANG_WARN_UNREACHABLE_CODE = YES;
				CLANG_WARN__DUPLICATE_METHOD_MATCH = YES;
				COPY_PHASE_STRIP = NO;
				DEAD_CODE_STRIPPING = YES;
				DEBUG_INFORMATION_FORMAT = dwarf;
				ENABLE_STRICT_OBJC_MSGSEND = YES;
				ENABLE_TESTABILITY = YES;
				GCC_C_LANGUAGE_STANDARD = gnu11;
				GCC_DYNAMIC_NO_PIC = NO;
				GCC_NO_COMMON_BLOCKS = YES;
				GCC_OPTIMIZATION_LEVEL = 0;
				GCC_PREPROCESSOR_DEFINITIONS = (
					"DEBUG=1",
					"$(inherited)",
				);
				GCC_WARN_64_TO_32_BIT_CONVERSION = YES;
				GCC_WARN_ABOUT_RETURN_TYPE = YES_ERROR;
				GCC_WARN_UNDECLARED_SELECTOR = YES;
				GCC_WARN_UNINITIALIZED_AUTOS = YES_AGGRESSIVE;
				GCC_WARN_UNUSED_FUNCTION = YES;
				GCC_WARN_UNUSED_VARIABLE = YES;
				MACOSX_DEPLOYMENT_TARGET = 12.0;
				MTL_ENABLE_DEBUG_INFO = INCLUDE_SOURCE;
				MTL_FAST_MATH = YES;
				ONLY_ACTIVE_ARCH = YES;
				SDKROOT = macosx;
				SWIFT_ACTIVE_COMPILATION_CONDITIONS = DEBUG;
				SWIFT_OPTIMIZATION_LEVEL = "-Onone";
			};
			name = Debug;
		};
		330515B2296C0BC500129D51 /* Release */ = {
			isa = XCBuildConfiguration;
			buildSettings = {
				ALWAYS_SEARCH_USER_PATHS = NO;
				CLANG_ANALYZER_NONNULL = YES;
				CLANG_ANALYZER_NUMBER_OBJECT_CONVERSION = YES_AGGRESSIVE;
				CLANG_CXX_LANGUAGE_STANDARD = "gnu++20";
				CLANG_ENABLE_MODULES = YES;
				CLANG_ENABLE_OBJC_ARC = YES;
				CLANG_ENABLE_OBJC_WEAK = YES;
				CLANG_WARN_BLOCK_CAPTURE_AUTORELEASING = YES;
				CLANG_WARN_BOOL_CONVERSION = YES;
				CLANG_WARN_COMMA = YES;
				CLANG_WARN_CONSTANT_CONVERSION = YES;
				CLANG_WARN_DEPRECATED_OBJC_IMPLEMENTATIONS = YES;
				CLANG_WARN_DIRECT_OBJC_ISA_USAGE = YES_ERROR;
				CLANG_WARN_DOCUMENTATION_COMMENTS = YES;
				CLANG_WARN_EMPTY_BODY = YES;
				CLANG_WARN_ENUM_CONVERSION = YES;
				CLANG_WARN_INFINITE_RECURSION = YES;
				CLANG_WARN_INT_CONVERSION = YES;
				CLANG_WARN_NON_LITERAL_NULL_CONVERSION = YES;
				CLANG_WARN_OBJC_IMPLICIT_RETAIN_SELF = YES;
				CLANG_WARN_OBJC_LITERAL_CONVERSION = YES;
				CLANG_WARN_OBJC_ROOT_CLASS = YES_ERROR;
				CLANG_WARN_QUOTED_INCLUDE_IN_FRAMEWORK_HEADER = YES;
				CLANG_WARN_RANGE_LOOP_ANALYSIS = YES;
				CLANG_WARN_STRICT_PROTOTYPES = YES;
				CLANG_WARN_SUSPICIOUS_MOVE = YES;
				CLANG_WARN_UNGUARDED_AVAILABILITY = YES_AGGRESSIVE;
				CLANG_WARN_UNREACHABLE_CODE = YES;
				CLANG_WARN__DUPLICATE_METHOD_MATCH = YES;
				COPY_PHASE_STRIP = NO;
				DEAD_CODE_STRIPPING = YES;
				DEBUG_INFORMATION_FORMAT = "dwarf-with-dsym";
				ENABLE_NS_ASSERTIONS = NO;
				ENABLE_STRICT_OBJC_MSGSEND = YES;
				GCC_C_LANGUAGE_STANDARD = gnu11;
				GCC_NO_COMMON_BLOCKS = YES;
				GCC_WARN_64_TO_32_BIT_CONVERSION = YES;
				GCC_WARN_ABOUT_RETURN_TYPE = YES_ERROR;
				GCC_WARN_UNDECLARED_SELECTOR = YES;
				GCC_WARN_UNINITIALIZED_AUTOS = YES_AGGRESSIVE;
				GCC_WARN_UNUSED_FUNCTION = YES;
				GCC_WARN_UNUSED_VARIABLE = YES;
				MACOSX_DEPLOYMENT_TARGET = 12.0;
				MTL_ENABLE_DEBUG_INFO = NO;
				MTL_FAST_MATH = YES;
				SDKROOT = macosx;
				SWIFT_COMPILATION_MODE = wholemodule;
				SWIFT_OPTIMIZATION_LEVEL = "-O";
			};
			name = Release;
		};
		330515B4296C0BC500129D51 /* Debug */ = {
			isa = XCBuildConfiguration;
			buildSettings = {
				ASSETCATALOG_COMPILER_APPICON_NAME = AppIcon;
				ASSETCATALOG_COMPILER_GLOBAL_ACCENT_COLOR_NAME = AccentColor;
				CODE_SIGN_ENTITLEMENTS = MacStudy/MacStudy.entitlements;
				CODE_SIGN_IDENTITY = "-";
				"CODE_SIGN_IDENTITY[sdk=macosx*]" = "-";
				CODE_SIGN_STYLE = Manual;
				COMBINE_HIDPI_IMAGES = YES;
				CURRENT_PROJECT_VERSION = 1;
				DEAD_CODE_STRIPPING = YES;
				DEVELOPMENT_TEAM = "";
				"DEVELOPMENT_TEAM[sdk=macosx*]" = "";
				ENABLE_HARDENED_RUNTIME = YES;
				GENERATE_INFOPLIST_FILE = YES;
				INFOPLIST_FILE = MacStudy/Info.plist;
				INFOPLIST_KEY_NSDocumentsFolderUsageDescription = 1.0;
				INFOPLIST_KEY_NSDownloadsFolderUsageDescription = asfd;
				INFOPLIST_KEY_NSHumanReadableCopyright = "";
				INFOPLIST_KEY_NSMainStoryboardFile = Main;
				INFOPLIST_KEY_NSPrincipalClass = NSApplication;
				LD_RUNPATH_SEARCH_PATHS = (
					"$(inherited)",
					"@executable_path/../Frameworks",
				);
				MACOSX_DEPLOYMENT_TARGET = 12.0;
				MARKETING_VERSION = 1.0;
				OTHER_CODE_SIGN_FLAGS = "--deep";
				PRODUCT_BUNDLE_IDENTIFIER = com.lengain.MacStudy;
				PRODUCT_NAME = "$(TARGET_NAME)";
				PROVISIONING_PROFILE_SPECIFIER = "";
				SWIFT_EMIT_LOC_STRINGS = YES;
				SWIFT_VERSION = 5.0;
			};
			name = Debug;
		};
		330515B5296C0BC500129D51 /* Release */ = {
			isa = XCBuildConfiguration;
			buildSettings = {
				ASSETCATALOG_COMPILER_APPICON_NAME = AppIcon;
				ASSETCATALOG_COMPILER_GLOBAL_ACCENT_COLOR_NAME = AccentColor;
				CODE_SIGN_ENTITLEMENTS = MacStudy/MacStudy.entitlements;
				CODE_SIGN_IDENTITY = "-";
				"CODE_SIGN_IDENTITY[sdk=macosx*]" = "-";
				CODE_SIGN_STYLE = Manual;
				COMBINE_HIDPI_IMAGES = YES;
				CURRENT_PROJECT_VERSION = 1;
				DEAD_CODE_STRIPPING = YES;
				DEVELOPMENT_TEAM = "";
				"DEVELOPMENT_TEAM[sdk=macosx*]" = "";
				ENABLE_HARDENED_RUNTIME = YES;
				GENERATE_INFOPLIST_FILE = YES;
				INFOPLIST_FILE = MacStudy/Info.plist;
				INFOPLIST_KEY_NSDocumentsFolderUsageDescription = 1.0;
				INFOPLIST_KEY_NSDownloadsFolderUsageDescription = asfd;
				INFOPLIST_KEY_NSHumanReadableCopyright = "";
				INFOPLIST_KEY_NSMainStoryboardFile = Main;
				INFOPLIST_KEY_NSPrincipalClass = NSApplication;
				LD_RUNPATH_SEARCH_PATHS = (
					"$(inherited)",
					"@executable_path/../Frameworks",
				);
				MACOSX_DEPLOYMENT_TARGET = 12.0;
				MARKETING_VERSION = 1.0;
				OTHER_CODE_SIGN_FLAGS = "--deep";
				PRODUCT_BUNDLE_IDENTIFIER = com.lengain.MacStudy;
				PRODUCT_NAME = "$(TARGET_NAME)";
				PROVISIONING_PROFILE_SPECIFIER = "";
				SWIFT_EMIT_LOC_STRINGS = YES;
				SWIFT_VERSION = 5.0;
			};
			name = Release;
		};
/* End XCBuildConfiguration section */

/* Begin XCConfigurationList section */
		3305159C296C0BC300129D51 /* Build configuration list for PBXProject "MacStudy" */ = {
			isa = XCConfigurationList;
			buildConfigurations = (
				330515B1296C0BC500129D51 /* Debug */,
				330515B2296C0BC500129D51 /* Release */,
			);
			defaultConfigurationIsVisible = 0;
			defaultConfigurationName = Release;
		};
		330515B3296C0BC500129D51 /* Build configuration list for PBXNativeTarget "MacStudy" */ = {
			isa = XCConfigurationList;
			buildConfigurations = (
				330515B4296C0BC500129D51 /* Debug */,
				330515B5296C0BC500129D51 /* Release */,
			);
			defaultConfigurationIsVisible = 0;
			defaultConfigurationName = Release;
		};
/* End XCConfigurationList section */

/* Begin XCRemoteSwiftPackageReference section */
		332643B329B0A95E00A15C73 /* XCRemoteSwiftPackageReference "ModernAppKit.git" */ = {
			isa = XCRemoteSwiftPackageReference;
			repositoryURL = "https://github.com/fumoboy007/ModernAppKit.git";
			requirement = {
				kind = upToNextMajorVersion;
				minimumVersion = 1.0.0;
			};
		};
		332643C629B1EBDE00A15C73 /* XCRemoteSwiftPackageReference "swift-markdown-ui" */ = {
			isa = XCRemoteSwiftPackageReference;
			repositoryURL = "https://github.com/gonzalezreal/swift-markdown-ui";
			requirement = {
				kind = upToNextMajorVersion;
				minimumVersion = 2.0.0;
			};
		};
		332643D129B1FAFC00A15C73 /* XCRemoteSwiftPackageReference "Splash" */ = {
			isa = XCRemoteSwiftPackageReference;
			repositoryURL = "https://github.com/JohnSundell/Splash";
			requirement = {
				kind = upToNextMajorVersion;
				minimumVersion = 0.9.0;
			};
		};
		33C75B4929B82AE600A3010D /* XCRemoteSwiftPackageReference "SDWebImage.git" */ = {
			isa = XCRemoteSwiftPackageReference;
			repositoryURL = "https://github.com/SDWebImage/SDWebImage.git";
			requirement = {
				kind = upToNextMajorVersion;
				minimumVersion = 5.0.0;
			};
		};
		33F5A70A29A4A54E00046E5B /* XCRemoteSwiftPackageReference "SnapKit.git" */ = {
			isa = XCRemoteSwiftPackageReference;
			repositoryURL = "https://github.com/SnapKit/SnapKit.git";
			requirement = {
				kind = upToNextMajorVersion;
				minimumVersion = 5.6.0;
			};
		};
/* End XCRemoteSwiftPackageReference section */

/* Begin XCSwiftPackageProductDependency section */
		332643B429B0A95E00A15C73 /* MAKAutoLayoutTextView */ = {
			isa = XCSwiftPackageProductDependency;
			package = 332643B329B0A95E00A15C73 /* XCRemoteSwiftPackageReference "ModernAppKit.git" */;
			productName = MAKAutoLayoutTextView;
		};
		332643B629B0A95E00A15C73 /* MAKLayerView */ = {
			isa = XCSwiftPackageProductDependency;
			package = 332643B329B0A95E00A15C73 /* XCRemoteSwiftPackageReference "ModernAppKit.git" */;
			productName = MAKLayerView;
		};
		332643B829B0A95E00A15C73 /* MAKShadowView */ = {
			isa = XCSwiftPackageProductDependency;
			package = 332643B329B0A95E00A15C73 /* XCRemoteSwiftPackageReference "ModernAppKit.git" */;
			productName = MAKShadowView;
		};
		332643C729B1EBDE00A15C73 /* MarkdownUI */ = {
			isa = XCSwiftPackageProductDependency;
			package = 332643C629B1EBDE00A15C73 /* XCRemoteSwiftPackageReference "swift-markdown-ui" */;
			productName = MarkdownUI;
		};
		332643D229B1FAFC00A15C73 /* Splash */ = {
			isa = XCSwiftPackageProductDependency;
			package = 332643D129B1FAFC00A15C73 /* XCRemoteSwiftPackageReference "Splash" */;
			productName = Splash;
		};
		33C75B4A29B82AE600A3010D /* SDWebImage */ = {
			isa = XCSwiftPackageProductDependency;
			package = 33C75B4929B82AE600A3010D /* XCRemoteSwiftPackageReference "SDWebImage.git" */;
			productName = SDWebImage;
		};
		33F5A70B29A4A54E00046E5B /* SnapKit */ = {
			isa = XCSwiftPackageProductDependency;
			package = 33F5A70A29A4A54E00046E5B /* XCRemoteSwiftPackageReference "SnapKit.git" */;
			productName = SnapKit;
		};
/* End XCSwiftPackageProductDependency section */

/* Begin XCVersionGroup section */
		330515A8296C0BC400129D51 /* MacStudy.xcdatamodeld */ = {
			isa = XCVersionGroup;
			children = (
				330515A9296C0BC400129D51 /* MacStudy.xcdatamodel */,
			);
			currentVersion = 330515A9296C0BC400129D51 /* MacStudy.xcdatamodel */;
			path = MacStudy.xcdatamodeld;
			sourceTree = "<group>";
			versionGroupType = wrapper.xcdatamodel;
		};
/* End XCVersionGroup section */
	};
	rootObject = 33051599296C0BC300129D51 /* Project object */;
}
